
Microsoft Visual Studio Solution File, Format Version 12.00
# Visual Studio 15
VisualStudioVersion = 15.0.28307.489
MinimumVisualStudioVersion = 10.0.40219.1
Project("{F2A71F9B-5D33-465A-A702-920D77279786}") = "HarryPotter", "HarryPotter\HarryPotter.fsproj", "{E37335C1-B6A8-4999-8E6E-25F11E65D0C7}"
EndProject
Global
	GlobalSection(SolutionConfigurationPlatforms) = preSolution
		Debug|Any CPU = Debug|Any CPU
		Release|Any CPU = Release|Any CPU
	EndGlobalSection
	GlobalSection(ProjectConfigurationPlatforms) = postSolution
		{E37335C1-B6A8-4999-8E6E-25F11E65D0C7}.Debug|Any CPU.ActiveCfg = Debug|Any CPU
		{E37335C1-B6A8-4999-8E6E-25F11E65D0C7}.Debug|Any CPU.Build.0 = Debug|Any CPU
		{E37335C1-B6A8-4999-8E6E-25F11E65D0C7}.Release|Any CPU.ActiveCfg = Release|Any CPU
		{E37335C1-B6A8-4999-8E6E-25F11E65D0C7}.Release|Any CPU.Build.0 = Release|Any CPU
	EndGlobalSection
	GlobalSection(SolutionProperties) = preSolution
		HideSolutionNode = FALSE
	EndGlobalSection
	GlobalSection(ExtensibilityGlobals) = postSolution
		SolutionGuid = {BDFFE173-4DAD-4BE1-B6AA-E90836EFE3A2}
	EndGlobalSection
EndGlobal
